
Microsoft Visual Studio Solution File, Format Version 12.00
# Visual Studio Version 16
VisualStudioVersion = 16.0.29306.81
MinimumVisualStudioVersion = 10.0.40219.1
Project("{FAE04EC0-301F-11D3-BF4B-00C04F79EFBC}") = "WebApplicationTest", "WebApplicationTest\WebApplicationTest.csproj", "{21BEF2D0-8196-4060-92D2-32790AC62623}"
EndProject
Global
	GlobalSection(SolutionConfigurationPlatforms) = preSolution
		Debug|Any CPU = Debug|Any CPU
		Release|Any CPU = Release|Any CPU
	EndGlobalSection
	GlobalSection(ProjectConfigurationPlatforms) = postSolution
		{21BEF2D0-8196-4060-92D2-32790AC62623}.Debug|Any CPU.ActiveCfg = Debug|Any CPU
		{21BEF2D0-8196-4060-92D2-32790AC62623}.Debug|Any CPU.Build.0 = Debug|Any CPU
		{21BEF2D0-8196-4060-92D2-32790AC62623}.Release|Any CPU.ActiveCfg = Release|Any CPU
		{21BEF2D0-8196-4060-92D2-32790AC62623}.Release|Any CPU.Build.0 = Release|Any CPU
	EndGlobalSection
	GlobalSection(SolutionProperties) = preSolution
		HideSolutionNode = FALSE
	EndGlobalSection
	GlobalSection(ExtensibilityGlobals) = postSolution
		SolutionGuid = {2F723F5A-DE57-41F6-A314-3DE03D46D376}
	EndGlobalSection
EndGlobal
